
Microsoft Visual Studio Solution File, Format Version 12.00
# Visual Studio Version 17
VisualStudioVersion = 17.1.32319.34
MinimumVisualStudioVersion = 10.0.40219.1
Project("{FAE04EC0-301F-11D3-BF4B-00C04F79EFBC}") = "MvcMovie", "MvcMovie.csproj", "{CCE3F9E0-881B-4C1B-B9DC-D68636FB6647}"
EndProject
Global
	GlobalSection(SolutionConfigurationPlatforms) = preSolution
		Debug|Any CPU = Debug|Any CPU
		Release|Any CPU = Release|Any CPU
	EndGlobalSection
	GlobalSection(ProjectConfigurationPlatforms) = postSolution
		{CCE3F9E0-881B-4C1B-B9DC-D68636FB6647}.Debug|Any CPU.ActiveCfg = Debug|Any CPU
		{CCE3F9E0-881B-4C1B-B9DC-D68636FB6647}.Debug|Any CPU.Build.0 = Debug|Any CPU
		{CCE3F9E0-881B-4C1B-B9DC-D68636FB6647}.Release|Any CPU.ActiveCfg = Release|Any CPU
		{CCE3F9E0-881B-4C1B-B9DC-D68636FB6647}.Release|Any CPU.Build.0 = Release|Any CPU
	EndGlobalSection
	GlobalSection(SolutionProperties) = preSolution
		HideSolutionNode = FALSE
	EndGlobalSection
	GlobalSection(ExtensibilityGlobals) = postSolution
		SolutionGuid = {3E537233-8986-4F03-B736-0A2952016C37}
	EndGlobalSection
EndGlobal
